
Microsoft Visual Studio Solution File, Format Version 12.00
# Visual Studio Version 17
VisualStudioVersion = 17.0.31903.59
MinimumVisualStudioVersion = 10.0.40219.1
Project("{2150E333-8FDC-42A3-9474-1A3956D46DE8}") = "src", "src", "{827E0CD3-B72D-47B6-A68D-7590B98EB39B}"
EndProject
Project("{FAE04EC0-301F-11D3-BF4B-00C04F79EFBC}") = "CleanArchitecture.Domain", "src\CleanArchitecture.Domain\CleanArchitecture.Domain.csproj", "{6099963F-8D78-4D9A-937C-4255F30B36A8}"
EndProject
Project("{FAE04EC0-301F-11D3-BF4B-00C04F79EFBC}") = "CleanArchitecture.Application", "src\CleanArchitecture.Application\CleanArchitecture.Application.csproj", "{E66C81D9-8ED7-4F34-B6C3-8EBA7A594A5E}"
EndProject
Project("{FAE04EC0-301F-11D3-BF4B-00C04F79EFBC}") = "CleanArchitecture.Infrastructure", "src\CleanArchitecture.Infrastructure\CleanArchitecture.Infrastructure.csproj", "{D2C83113-27CD-4E14-BE0C-7155852814B7}"
EndProject
Project("{FAE04EC0-301F-11D3-BF4B-00C04F79EFBC}") = "CleanArchitecture.Web", "src\CleanArchitecture.Web\CleanArchitecture.Web.csproj", "{4CB94E95-8EB0-49EE-BE64-90BF995476A9}"
EndProject
Project("{2150E333-8FDC-42A3-9474-1A3956D46DE8}") = "tests", "tests", "{0AB3BF05-4346-4AA6-1389-037BE0695223}"
EndProject
Project("{FAE04EC0-301F-11D3-BF4B-00C04F79EFBC}") = "CleanArchitecture.UnitTests", "tests\CleanArchitecture.UnitTests\CleanArchitecture.UnitTests.csproj", "{E4549DB3-EEC4-4F99-B8AD-9566C7679234}"
EndProject
Project("{FAE04EC0-301F-11D3-BF4B-00C04F79EFBC}") = "CleanArchitecture.IntegrationTests", "tests\CleanArchitecture.IntegrationTests\CleanArchitecture.IntegrationTests.csproj", "{7233F44E-548C-4509-A448-3B3BCAD9A021}"
EndProject
Global
	GlobalSection(SolutionConfigurationPlatforms) = preSolution
		Debug|Any CPU = Debug|Any CPU
		Debug|x64 = Debug|x64
		Debug|x86 = Debug|x86
		Release|Any CPU = Release|Any CPU
		Release|x64 = Release|x64
		Release|x86 = Release|x86
	EndGlobalSection
	GlobalSection(ProjectConfigurationPlatforms) = postSolution
		{6099963F-8D78-4D9A-937C-4255F30B36A8}.Debug|Any CPU.ActiveCfg = Debug|Any CPU
		{6099963F-8D78-4D9A-937C-4255F30B36A8}.Debug|Any CPU.Build.0 = Debug|Any CPU
		{6099963F-8D78-4D9A-937C-4255F30B36A8}.Debug|x64.ActiveCfg = Debug|Any CPU
		{6099963F-8D78-4D9A-937C-4255F30B36A8}.Debug|x64.Build.0 = Debug|Any CPU
		{6099963F-8D78-4D9A-937C-4255F30B36A8}.Debug|x86.ActiveCfg = Debug|Any CPU
		{6099963F-8D78-4D9A-937C-4255F30B36A8}.Debug|x86.Build.0 = Debug|Any CPU
		{6099963F-8D78-4D9A-937C-4255F30B36A8}.Release|Any CPU.ActiveCfg = Release|Any CPU
		{6099963F-8D78-4D9A-937C-4255F30B36A8}.Release|Any CPU.Build.0 = Release|Any CPU
		{6099963F-8D78-4D9A-937C-4255F30B36A8}.Release|x64.ActiveCfg = Release|Any CPU
		{6099963F-8D78-4D9A-937C-4255F30B36A8}.Release|x64.Build.0 = Release|Any CPU
		{6099963F-8D78-4D9A-937C-4255F30B36A8}.Release|x86.ActiveCfg = Release|Any CPU
		{6099963F-8D78-4D9A-937C-4255F30B36A8}.Release|x86.Build.0 = Release|Any CPU
		{E66C81D9-8ED7-4F34-B6C3-8EBA7A594A5E}.Debug|Any CPU.ActiveCfg = Debug|Any CPU
		{E66C81D9-8ED7-4F34-B6C3-8EBA7A594A5E}.Debug|Any CPU.Build.0 = Debug|Any CPU
		{E66C81D9-8ED7-4F34-B6C3-8EBA7A594A5E}.Debug|x64.ActiveCfg = Debug|Any CPU
		{E66C81D9-8ED7-4F34-B6C3-8EBA7A594A5E}.Debug|x64.Build.0 = Debug|Any CPU
		{E66C81D9-8ED7-4F34-B6C3-8EBA7A594A5E}.Debug|x86.ActiveCfg = Debug|Any CPU
		{E66C81D9-8ED7-4F34-B6C3-8EBA7A594A5E}.Debug|x86.Build.0 = Debug|Any CPU
		{E66C81D9-8ED7-4F34-B6C3-8EBA7A594A5E}.Release|Any CPU.ActiveCfg = Release|Any CPU
		{E66C81D9-8ED7-4F34-B6C3-8EBA7A594A5E}.Release|Any CPU.Build.0 = Release|Any CPU
		{E66C81D9-8ED7-4F34-B6C3-8EBA7A594A5E}.Release|x64.ActiveCfg = Release|Any CPU
		{E66C81D9-8ED7-4F34-B6C3-8EBA7A594A5E}.Release|x64.Build.0 = Release|Any CPU
		{E66C81D9-8ED7-4F34-B6C3-8EBA7A594A5E}.Release|x86.ActiveCfg = Release|Any CPU
		{E66C81D9-8ED7-4F34-B6C3-8EBA7A594A5E}.Release|x86.Build.0 = Release|Any CPU
		{D2C83113-27CD-4E14-BE0C-7155852814B7}.Debug|Any CPU.ActiveCfg = Debug|Any CPU
		{D2C83113-27CD-4E14-BE0C-7155852814B7}.Debug|Any CPU.Build.0 = Debug|Any CPU
		{D2C83113-27CD-4E14-BE0C-7155852814B7}.Debug|x64.ActiveCfg = Debug|Any CPU
		{D2C83113-27CD-4E14-BE0C-7155852814B7}.Debug|x64.Build.0 = Debug|Any CPU
		{D2C83113-27CD-4E14-BE0C-7155852814B7}.Debug|x86.ActiveCfg = Debug|Any CPU
		{D2C83113-27CD-4E14-BE0C-7155852814B7}.Debug|x86.Build.0 = Debug|Any CPU
		{D2C83113-27CD-4E14-BE0C-7155852814B7}.Release|Any CPU.ActiveCfg = Release|Any CPU
		{D2C83113-27CD-4E14-BE0C-7155852814B7}.Release|Any CPU.Build.0 = Release|Any CPU
		{D2C83113-27CD-4E14-BE0C-7155852814B7}.Release|x64.ActiveCfg = Release|Any CPU
		{D2C83113-27CD-4E14-BE0C-7155852814B7}.Release|x64.Build.0 = Release|Any CPU
		{D2C83113-27CD-4E14-BE0C-7155852814B7}.Release|x86.ActiveCfg = Release|Any CPU
		{D2C83113-27CD-4E14-BE0C-7155852814B7}.Release|x86.Build.0 = Release|Any CPU
		{4CB94E95-8EB0-49EE-BE64-90BF995476A9}.Debug|Any CPU.ActiveCfg = Debug|Any CPU
		{4CB94E95-8EB0-49EE-BE64-90BF995476A9}.Debug|Any CPU.Build.0 = Debug|Any CPU
		{4CB94E95-8EB0-49EE-BE64-90BF995476A9}.Debug|x64.ActiveCfg = Debug|Any CPU
		{4CB94E95-8EB0-49EE-BE64-90BF995476A9}.Debug|x64.Build.0 = Debug|Any CPU
		{4CB94E95-8EB0-49EE-BE64-90BF995476A9}.Debug|x86.ActiveCfg = Debug|Any CPU
		{4CB94E95-8EB0-49EE-BE64-90BF995476A9}.Debug|x86.Build.0 = Debug|Any CPU
		{4CB94E95-8EB0-49EE-BE64-90BF995476A9}.Release|Any CPU.ActiveCfg = Release|Any CPU
		{4CB94E95-8EB0-49EE-BE64-90BF995476A9}.Release|Any CPU.Build.0 = Release|Any CPU
		{4CB94E95-8EB0-49EE-BE64-90BF995476A9}.Release|x64.ActiveCfg = Release|Any CPU
		{4CB94E95-8EB0-49EE-BE64-90BF995476A9}.Release|x64.Build.0 = Release|Any CPU
		{4CB94E95-8EB0-49EE-BE64-90BF995476A9}.Release|x86.ActiveCfg = Release|Any CPU
		{4CB94E95-8EB0-49EE-BE64-90BF995476A9}.Release|x86.Build.0 = Release|Any CPU
		{E4549DB3-EEC4-4F99-B8AD-9566C7679234}.Debug|Any CPU.ActiveCfg = Debug|Any CPU
		{E4549DB3-EEC4-4F99-B8AD-9566C7679234}.Debug|Any CPU.Build.0 = Debug|Any CPU
		{E4549DB3-EEC4-4F99-B8AD-9566C7679234}.Debug|x64.ActiveCfg = Debug|Any CPU
		{E4549DB3-EEC4-4F99-B8AD-9566C7679234}.Debug|x64.Build.0 = Debug|Any CPU
		{E4549DB3-EEC4-4F99-B8AD-9566C7679234}.Debug|x86.ActiveCfg = Debug|Any CPU
		{E4549DB3-EEC4-4F99-B8AD-9566C7679234}.Debug|x86.Build.0 = Debug|Any CPU
		{E4549DB3-EEC4-4F99-B8AD-9566C7679234}.Release|Any CPU.ActiveCfg = Release|Any CPU
		{E4549DB3-EEC4-4F99-B8AD-9566C7679234}.Release|Any CPU.Build.0 = Release|Any CPU
		{E4549DB3-EEC4-4F99-B8AD-9566C7679234}.Release|x64.ActiveCfg = Release|Any CPU
		{E4549DB3-EEC4-4F99-B8AD-9566C7679234}.Release|x64.Build.0 = Release|Any CPU
		{E4549DB3-EEC4-4F99-B8AD-9566C7679234}.Release|x86.ActiveCfg = Release|Any CPU
		{E4549DB3-EEC4-4F99-B8AD-9566C7679234}.Release|x86.Build.0 = Release|Any CPU
		{7233F44E-548C-4509-A448-3B3BCAD9A021}.Debug|Any CPU.ActiveCfg = Debug|Any CPU
		{7233F44E-548C-4509-A448-3B3BCAD9A021}.Debug|Any CPU.Build.0 = Debug|Any CPU
		{7233F44E-548C-4509-A448-3B3BCAD9A021}.Debug|x64.ActiveCfg = Debug|Any CPU
		{7233F44E-548C-4509-A448-3B3BCAD9A021}.Debug|x64.Build.0 = Debug|Any CPU
		{7233F44E-548C-4509-A448-3B3BCAD9A021}.Debug|x86.ActiveCfg = Debug|Any CPU
		{7233F44E-548C-4509-A448-3B3BCAD9A021}.Debug|x86.Build.0 = Debug|Any CPU
		{7233F44E-548C-4509-A448-3B3BCAD9A021}.Release|Any CPU.ActiveCfg = Release|Any CPU
		{7233F44E-548C-4509-A448-3B3BCAD9A021}.Release|Any CPU.Build.0 = Release|Any CPU
		{7233F44E-548C-4509-A448-3B3BCAD9A021}.Release|x64.ActiveCfg = Release|Any CPU
		{7233F44E-548C-4509-A448-3B3BCAD9A021}.Release|x64.Build.0 = Release|Any CPU
		{7233F44E-548C-4509-A448-3B3BCAD9A021}.Release|x86.ActiveCfg = Release|Any CPU
		{7233F44E-548C-4509-A448-3B3BCAD9A021}.Release|x86.Build.0 = Release|Any CPU
	EndGlobalSection
	GlobalSection(SolutionProperties) = preSolution
		HideSolutionNode = FALSE
	EndGlobalSection
	GlobalSection(NestedProjects) = preSolution
		{6099963F-8D78-4D9A-937C-4255F30B36A8} = {827E0CD3-B72D-47B6-A68D-7590B98EB39B}
		{E66C81D9-8ED7-4F34-B6C3-8EBA7A594A5E} = {827E0CD3-B72D-47B6-A68D-7590B98EB39B}
		{D2C83113-27CD-4E14-BE0C-7155852814B7} = {827E0CD3-B72D-47B6-A68D-7590B98EB39B}
		{4CB94E95-8EB0-49EE-BE64-90BF995476A9} = {827E0CD3-B72D-47B6-A68D-7590B98EB39B}
		{E4549DB3-EEC4-4F99-B8AD-9566C7679234} = {0AB3BF05-4346-4AA6-1389-037BE0695223}
		{7233F44E-548C-4509-A448-3B3BCAD9A021} = {0AB3BF05-4346-4AA6-1389-037BE0695223}
	EndGlobalSection
EndGlobal
